
Microsoft Visual Studio Solution File, Format Version 12.00
# Visual Studio Version 17
VisualStudioVersion = 17.6.33815.320
MinimumVisualStudioVersion = 10.0.40219.1
Project("{8BC9CEB8-8B4A-11D0-8D11-00A0C91BC942}") = "automat", "automat\automat.vcxproj", "{1E6FBB72-6C43-4AF3-9807-83B32CDA87D1}"
EndProject
Global
	GlobalSection(SolutionConfigurationPlatforms) = preSolution
		Debug|x64 = Debug|x64
		Debug|x86 = Debug|x86
		Release|x64 = Release|x64
		Release|x86 = Release|x86
	EndGlobalSection
	GlobalSection(ProjectConfigurationPlatforms) = postSolution
		{1E6FBB72-6C43-4AF3-9807-83B32CDA87D1}.Debug|x64.ActiveCfg = Debug|x64
		{1E6FBB72-6C43-4AF3-9807-83B32CDA87D1}.Debug|x64.Build.0 = Debug|x64
		{1E6FBB72-6C43-4AF3-9807-83B32CDA87D1}.Debug|x86.ActiveCfg = Debug|Win32
		{1E6FBB72-6C43-4AF3-9807-83B32CDA87D1}.Debug|x86.Build.0 = Debug|Win32
		{1E6FBB72-6C43-4AF3-9807-83B32CDA87D1}.Release|x64.ActiveCfg = Release|x64
		{1E6FBB72-6C43-4AF3-9807-83B32CDA87D1}.Release|x64.Build.0 = Release|x64
		{1E6FBB72-6C43-4AF3-9807-83B32CDA87D1}.Release|x86.ActiveCfg = Release|Win32
		{1E6FBB72-6C43-4AF3-9807-83B32CDA87D1}.Release|x86.Build.0 = Release|Win32
	EndGlobalSection
	GlobalSection(SolutionProperties) = preSolution
		HideSolutionNode = FALSE
	EndGlobalSection
	GlobalSection(ExtensibilityGlobals) = postSolution
		SolutionGuid = {D8CA62F1-801B-48E8-9DAB-2BAD1F7EB519}
	EndGlobalSection
EndGlobal
